
Microsoft Visual Studio Solution File, Format Version 11.00
# Visual Studio 2010
Project("{FAE04EC0-301F-11D3-BF4B-00C04F79EFBC}") = "Popcron.Gizmos", "Popcron.Gizmos.csproj", "{B3D30149-5EF3-995D-D17C-214D420A2666}"
EndProject
Project("{FAE04EC0-301F-11D3-BF4B-00C04F79EFBC}") = "Assembly-CSharp", "Assembly-CSharp.csproj", "{2DAB9DAE-2211-7F8D-0F78-B31BFF78635C}"
EndProject
Project("{FAE04EC0-301F-11D3-BF4B-00C04F79EFBC}") = "Popcron.Gizmos.Editor", "Popcron.Gizmos.Editor.csproj", "{DEA8A03C-4C25-5DA5-7A35-95D8E2B7F7E7}"
EndProject
Global
	GlobalSection(SolutionConfigurationPlatforms) = preSolution
		Debug|Any CPU = Debug|Any CPU
		Release|Any CPU = Release|Any CPU
	EndGlobalSection
	GlobalSection(ProjectConfigurationPlatforms) = postSolution
		{B3D30149-5EF3-995D-D17C-214D420A2666}.Debug|Any CPU.ActiveCfg = Debug|Any CPU
		{B3D30149-5EF3-995D-D17C-214D420A2666}.Debug|Any CPU.Build.0 = Debug|Any CPU
		{B3D30149-5EF3-995D-D17C-214D420A2666}.Release|Any CPU.ActiveCfg = Release|Any CPU
		{B3D30149-5EF3-995D-D17C-214D420A2666}.Release|Any CPU.Build.0 = Release|Any CPU
		{2DAB9DAE-2211-7F8D-0F78-B31BFF78635C}.Debug|Any CPU.ActiveCfg = Debug|Any CPU
		{2DAB9DAE-2211-7F8D-0F78-B31BFF78635C}.Debug|Any CPU.Build.0 = Debug|Any CPU
		{2DAB9DAE-2211-7F8D-0F78-B31BFF78635C}.Release|Any CPU.ActiveCfg = Release|Any CPU
		{2DAB9DAE-2211-7F8D-0F78-B31BFF78635C}.Release|Any CPU.Build.0 = Release|Any CPU
		{DEA8A03C-4C25-5DA5-7A35-95D8E2B7F7E7}.Debug|Any CPU.ActiveCfg = Debug|Any CPU
		{DEA8A03C-4C25-5DA5-7A35-95D8E2B7F7E7}.Debug|Any CPU.Build.0 = Debug|Any CPU
		{DEA8A03C-4C25-5DA5-7A35-95D8E2B7F7E7}.Release|Any CPU.ActiveCfg = Release|Any CPU
		{DEA8A03C-4C25-5DA5-7A35-95D8E2B7F7E7}.Release|Any CPU.Build.0 = Release|Any CPU
	EndGlobalSection
	GlobalSection(SolutionProperties) = preSolution
		HideSolutionNode = FALSE
	EndGlobalSection
EndGlobal
